// !$*UTF8*$!
{
	archiveVersion = 1;
	classes = {
	};
	objectVersion = 46;
	objects = {

/* Begin PBXBuildFile section */
		3B63BAEF1C91F80200132BC1 /* AppDelegate.swift in Sources */ = {isa = PBXBuildFile; fileRef = 3B63BAEE1C91F80200132BC1 /* AppDelegate.swift */; };
		3B63BAF11C91F80200132BC1 /* ViewController.swift in Sources */ = {isa = PBXBuildFile; fileRef = 3B63BAF01C91F80200132BC1 /* ViewController.swift */; };
		3B63BAF41C91F80200132BC1 /* Main.storyboard in Resources */ = {isa = PBXBuildFile; fileRef = 3B63BAF21C91F80200132BC1 /* Main.storyboard */; };
		3B63BAF61C91F80300132BC1 /* Assets.xcassets in Resources */ = {isa = PBXBuildFile; fileRef = 3B63BAF51C91F80300132BC1 /* Assets.xcassets */; };
		3B63BAF91C91F80300132BC1 /* LaunchScreen.storyboard in Resources */ = {isa = PBXBuildFile; fileRef = 3B63BAF71C91F80300132BC1 /* LaunchScreen.storyboard */; };
/* End PBXBuildFile section */

/* Begin PBXFileReference section */
		3B63BAEB1C91F80200132BC1 /* Horarios CVD.app */ = {isa = PBXFileReference; explicitFileType = wrapper.application; includeInIndex = 0; path = "Horarios CVD.app"; sourceTree = BUILT_PRODUCTS_DIR; };
		3B63BAEE1C91F80200132BC1 /* AppDelegate.swift */ = {isa = PBXFileReference; lastKnownFileType = sourcecode.swift; path = AppDelegate.swift; sourceTree = "<group>"; };
		3B63BAF01C91F80200132BC1 /* ViewController.swift */ = {isa = PBXFileReference; lastKnownFileType = sourcecode.swift; path = ViewController.swift; sourceTree = "<group>"; };
		3B63BAF31C91F80200132BC1 /* Base */ = {isa = PBXFileReference; lastKnownFileType = file.storyboard; name = Base; path = Base.lproj/Main.storyboard; sourceTree = "<group>"; };
		3B63BAF51C91F80300132BC1 /* Assets.xcassets */ = {isa = PBXFileReference; lastKnownFileType = folder.assetcatalog; path = Assets.xcassets; sourceTree = "<group>"; };
		3B63BAF81C91F80300132BC1 /* Base */ = {isa = PBXFileReference; lastKnownFileType = file.storyboard; name = Base; path = Base.lproj/LaunchScreen.storyboard; sourceTree = "<group>"; };
		3B63BAFA1C91F80300132BC1 /* Info.plist */ = {isa = PBXFileReference; lastKnownFileType = text.plist.xml; path = Info.plist; sourceTree = "<group>"; };
/* End PBXFileReference section */

/* Begin PBXFrameworksBuildPhase section */
		3B63BAE81C91F80200132BC1 /* Frameworks */ = {
			isa = PBXFrameworksBuildPhase;
			buildActionMask = 2147483647;
			files = (
			);
			runOnlyForDeploymentPostprocessing = 0;
		};
/* End PBXFrameworksBuildPhase section */

/* Begin PBXGroup section */
		3B63BAE21C91F80200132BC1 = {
			isa = PBXGroup;
			children = (
				3B63BAED1C91F80200132BC1 /* Horarios CVD */,
				3B63BAEC1C91F80200132BC1 /* Products */,
			);
			sourceTree = "<group>";
		};
		3B63BAEC1C91F80200132BC1 /* Products */ = {
			isa = PBXGroup;
			children = (
				3B63BAEB1C91F80200132BC1 /* Horarios CVD.app */,
			);
			name = Products;
			sourceTree = "<group>";
		};
		3B63BAED1C91F80200132BC1 /* Horarios CVD */ = {
			isa = PBXGroup;
			children = (
				3B63BAEE1C91F80200132BC1 /* AppDelegate.swift */,
				3B63BAF01C91F80200132BC1 /* ViewController.swift */,
				3B63BAF21C91F80200132BC1 /* Main.storyboard */,
				3B63BAF51C91F80300132BC1 /* Assets.xcassets */,
				3B63BAF71C91F80300132BC1 /* LaunchScreen.storyboard */,
				3B63BAFA1C91F80300132BC1 /* Info.plist */,
			);
			path = "Horarios CVD";
			sourceTree = "<group>";
		};
/* End PBXGroup section */

/* Begin PBXNativeTarget section */
		3B63BAEA1C91F80200132BC1 /* Horarios CVD */ = {
			isa = PBXNativeTarget;
			buildConfigurationList = 3B63BAFD1C91F80300132BC1 /* Build configuration list for PBXNativeTarget "Horarios CVD" */;
			buildPhases = (
				3B63BAE71C91F80200132BC1 /* Sources */,
				3B63BAE81C91F80200132BC1 /* Frameworks */,
				3B63BAE91C91F80200132BC1 /* Resources */,
			);
			buildRules = (
			);
			dependencies = (
			);
			name = "Horarios CVD";
			productName = "Horarios CVD";
			productReference = 3B63BAEB1C91F80200132BC1 /* Horarios CVD.app */;
			productType = "com.apple.product-type.application";
		};
/* End PBXNativeTarget section */

/* Begin PBXProject section */
		3B63BAE31C91F80200132BC1 /* Project object */ = {
			isa = PBXProject;
			attributes = {
				LastSwiftUpdateCheck = 0720;
				LastUpgradeCheck = 0720;
				ORGANIZATIONNAME = "Javier López Achondo";
				TargetAttributes = {
					3B63BAEA1C91F80200132BC1 = {
						CreatedOnToolsVersion = 7.2.1;
					};
				};
			};
			buildConfigurationList = 3B63BAE61C91F80200132BC1 /* Build configuration list for PBXProject "Horarios CVD" */;
			compatibilityVersion = "Xcode 3.2";
			developmentRegion = English;
			hasScannedForEncodings = 0;
			knownRegions = (
				en,
				Base,
			);
			mainGroup = 3B63BAE21C91F80200132BC1;
			productRefGroup = 3B63BAEC1C91F80200132BC1 /* Products */;
			projectDirPath = "";
			projectRoot = "";
			targets = (
				3B63BAEA1C91F80200132BC1 /* Horarios CVD */,
			);
		};
/* End PBXProject section */

/* Begin PBXResourcesBuildPhase section */
		3B63BAE91C91F80200132BC1 /* Resources */ = {
			isa = PBXResourcesBuildPhase;
			buildActionMask = 2147483647;
			files = (
				3B63BAF91C91F80300132BC1 /* LaunchScreen.storyboard in Resources */,
				3B63BAF61C91F80300132BC1 /* Assets.xcassets in Resources */,
				3B63BAF41C91F80200132BC1 /* Main.storyboard in Resources */,
			);
			runOnlyForDeploymentPostprocessing = 0;
		};
/* End PBXResourcesBuildPhase section */

/* Begin PBXSourcesBuildPhase section */
		3B63BAE71C91F80200132BC1 /* Sources */ = {
			isa = PBXSourcesBuildPhase;
			buildActionMask = 2147483647;
			files = (
				3B63BAF11C91F80200132BC1 /* ViewController.swift in Sources */,
				3B63BAEF1C91F80200132BC1 /* AppDelegate.swift in Sources */,
			);
			runOnlyForDeploymentPostprocessing = 0;
		};
/* End PBXSourcesBuildPhase section */

/* Begin PBXVariantGroup section */
		3B63BAF21C91F80200132BC1 /* Main.storyboard */ = {
			isa = PBXVariantGroup;
			children = (
				3B63BAF31C91F80200132BC1 /* Base */,
			);
			name = Main.storyboard;
			sourceTree = "<group>";
		};
		3B63BAF71C91F80300132BC1 /* LaunchScreen.storyboard */ = {
			isa = PBXVariantGroup;
			children = (
				3B63BAF81C91F80300132BC1 /* Base */,
			);
			name = LaunchScreen.storyboard;
			sourceTree = "<group>";
		};
/* End PBXVariantGroup section */

/* Begin XCBuildConfiguration section */
		3B63BAFB1C91F80300132BC1 /* Debug */ = {
			isa = XCBuildConfiguration;
			buildSettings = {
				ALWAYS_SEARCH_USER_PATHS = NO;
				CLANG_CXX_LANGUAGE_STANDARD = "gnu++0x";
				CLANG_CXX_LIBRARY = "libc++";
				CLANG_ENABLE_MODULES = YES;
				CLANG_ENABLE_OBJC_ARC = YES;
				CLANG_WARN_BOOL_CONVERSION = YES;
				CLANG_WARN_CONSTANT_CONVERSION = YES;
				CLANG_WARN_DIRECT_OBJC_ISA_USAGE = YES_ERROR;
				CLANG_WARN_EMPTY_BODY = YES;
				CLANG_WARN_ENUM_CONVERSION = YES;
				CLANG_WARN_INT_CONVERSION = YES;
				CLANG_WARN_OBJC_ROOT_CLASS = YES_ERROR;
				CLANG_WARN_UNREACHABLE_CODE = YES;
				CLANG_WARN__DUPLICATE_METHOD_MATCH = YES;
				"CODE_SIGN_IDENTITY[sdk=iphoneos*]" = "iPhone Developer";
				COPY_PHASE_STRIP = NO;
				DEBUG_INFORMATION_FORMAT = dwarf;
				ENABLE_STRICT_OBJC_MSGSEND = YES;
				ENABLE_TESTABILITY = YES;
				GCC_C_LANGUAGE_STANDARD = gnu99;
				GCC_DYNAMIC_NO_PIC = NO;
				GCC_NO_COMMON_BLOCKS = YES;
				GCC_OPTIMIZATION_LEVEL = 0;
				GCC_PREPROCESSOR_DEFINITIONS = (
					"DEBUG=1",
					"$(inherited)",
				);
				GCC_WARN_64_TO_32_BIT_CONVERSION = YES;
				GCC_WARN_ABOUT_RETURN_TYPE = YES_ERROR;
				GCC_WARN_UNDECLARED_SELECTOR = YES;
				GCC_WARN_UNINITIALIZED_AUTOS = YES_AGGRESSIVE;
				GCC_WARN_UNUSED_FUNCTION = YES;
				GCC_WARN_UNUSED_VARIABLE = YES;
				IPHONEOS_DEPLOYMENT_TARGET = 9.2;
				MTL_ENABLE_DEBUG_INFO = YES;
				ONLY_ACTIVE_ARCH = YES;
				SDKROOT = iphoneos;
				SWIFT_OPTIMIZATION_LEVEL = "-Onone";
			};
			name = Debug;
		};
		3B63BAFC1C91F80300132BC1 /* Release */ = {
			isa = XCBuildConfiguration;
			buildSettings = {
				ALWAYS_SEARCH_USER_PATHS = NO;
				CLANG_CXX_LANGUAGE_STANDARD = "gnu++0x";
				CLANG_CXX_LIBRARY = "libc++";
				CLANG_ENABLE_MODULES = YES;
				CLANG_ENABLE_OBJC_ARC = YES;
				CLANG_WARN_BOOL_CONVERSION = YES;
				CLANG_WARN_CONSTANT_CONVERSION = YES;
				CLANG_WARN_DIRECT_OBJC_ISA_USAGE = YES_ERROR;
				CLANG_WARN_EMPTY_BODY = YES;
				CLANG_WARN_ENUM_CONVERSION = YES;
				CLANG_WARN_INT_CONVERSION = YES;
				CLANG_WARN_OBJC_ROOT_CLASS = YES_ERROR;
				CLANG_WARN_UNREACHABLE_CODE = YES;
				CLANG_WARN__DUPLICATE_METHOD_MATCH = YES;
				"CODE_SIGN_IDENTITY[sdk=iphoneos*]" = "iPhone Developer";
				COPY_PHASE_STRIP = NO;
				DEBUG_INFORMATION_FORMAT = "dwarf-with-dsym";
				ENABLE_NS_ASSERTIONS = NO;
				ENABLE_STRICT_OBJC_MSGSEND = YES;
				GCC_C_LANGUAGE_STANDARD = gnu99;
				GCC_NO_COMMON_BLOCKS = YES;
				GCC_WARN_64_TO_32_BIT_CONVERSION = YES;
				GCC_WARN_ABOUT_RETURN_TYPE = YES_ERROR;
				GCC_WARN_UNDECLARED_SELECTOR = YES;
				GCC_WARN_UNINITIALIZED_AUTOS = YES_AGGRESSIVE;
				GCC_WARN_UNUSED_FUNCTION = YES;
				GCC_WARN_UNUSED_VARIABLE = YES;
				IPHONEOS_DEPLOYMENT_TARGET = 9.2;
				MTL_ENABLE_DEBUG_INFO = NO;
				SDKROOT = iphoneos;
				VALIDATE_PRODUCT = YES;
			};
			name = Release;
		};
		3B63BAFE1C91F80300132BC1 /* Debug */ = {
			isa = XCBuildConfiguration;
			buildSettings = {
				ASSETCATALOG_COMPILER_APPICON_NAME = AppIcon;
				INFOPLIST_FILE = "Horarios CVD/Info.plist";
				LD_RUNPATH_SEARCH_PATHS = "$(inherited) @executable_path/Frameworks";
				PRODUCT_BUNDLE_IDENTIFIER = "javierlopeza.Horarios-CVD";
				PRODUCT_NAME = "$(TARGET_NAME)";
			};
			name = Debug;
		};
		3B63BAFF1C91F80300132BC1 /* Release */ = {
			isa = XCBuildConfiguration;
			buildSettings = {
				ASSETCATALOG_COMPILER_APPICON_NAME = AppIcon;
				INFOPLIST_FILE = "Horarios CVD/Info.plist";
				LD_RUNPATH_SEARCH_PATHS = "$(inherited) @executable_path/Frameworks";
				PRODUCT_BUNDLE_IDENTIFIER = "javierlopeza.Horarios-CVD";
				PRODUCT_NAME = "$(TARGET_NAME)";
			};
			name = Release;
		};
/* End XCBuildConfiguration section */

/* Begin XCConfigurationList section */
		3B63BAE61C91F80200132BC1 /* Build configuration list for PBXProject "Horarios CVD" */ = {
			isa = XCConfigurationList;
			buildConfigurations = (
				3B63BAFB1C91F80300132BC1 /* Debug */,
				3B63BAFC1C91F80300132BC1 /* Release */,
			);
			defaultConfigurationIsVisible = 0;
			defaultConfigurationName = Release;
		};
		3B63BAFD1C91F80300132BC1 /* Build configuration list for PBXNativeTarget "Horarios CVD" */ = {
			isa = XCConfigurationList;
			buildConfigurations = (
				3B63BAFE1C91F80300132BC1 /* Debug */,
				3B63BAFF1C91F80300132BC1 /* Release */,
			);
			defaultConfigurationIsVisible = 0;
		};
/* End XCConfigurationList section */
	};
	rootObject = 3B63BAE31C91F80200132BC1 /* Project object */;
}
